
Microsoft Visual Studio Solution File, Format Version 12.00
# Visual Studio Version 17
VisualStudioVersion = 17.1.32319.34
MinimumVisualStudioVersion = 10.0.40219.1
Project("{2150E333-8FDC-42A3-9474-1A3956D46DE8}") = "purchases", "purchases", "{112A4C2F-6D6A-4750-AA17-7AAF69A46A7B}"
EndProject
Project("{2150E333-8FDC-42A3-9474-1A3956D46DE8}") = "comments", "comments", "{CDD4BDD6-702E-4FB4-8E94-08BC962AC8CB}"
EndProject
Project("{2150E333-8FDC-42A3-9474-1A3956D46DE8}") = "games", "games", "{4DC305E0-E852-4655-A2D1-7F526FB0B7C6}"
EndProject
Project("{9A19103F-16F7-4668-BE54-9A1E7A4F7556}") = "Share", "Share\Share.csproj", "{9BBB7A84-9CC3-470B-ABF2-09AE66310882}"
EndProject
Project("{2150E333-8FDC-42A3-9474-1A3956D46DE8}") = "genreService", "genreService", "{C9D9384D-9F4A-4B49-ACCC-0DF3D2C6E390}"
EndProject
Project("{FAE04EC0-301F-11D3-BF4B-00C04F79EFBC}") = "GenreApi", "GenreApi\GenreApi.csproj", "{2EE6CE37-7B26-4076-A53A-189AFE6D051F}"
EndProject
Project("{FAE04EC0-301F-11D3-BF4B-00C04F79EFBC}") = "DAL", "DAL\DAL.csproj", "{8E98BAB0-5A13-4143-A6CE-B6327D737194}"
EndProject
Project("{FAE04EC0-301F-11D3-BF4B-00C04F79EFBC}") = "BL", "BL\BL.csproj", "{4D6670DF-EB6F-4F31-BB5F-E7B6864C9439}"
EndProject
Global
	GlobalSection(SolutionConfigurationPlatforms) = preSolution
		Debug|Any CPU = Debug|Any CPU
		Release|Any CPU = Release|Any CPU
	EndGlobalSection
	GlobalSection(ProjectConfigurationPlatforms) = postSolution
		{9BBB7A84-9CC3-470B-ABF2-09AE66310882}.Debug|Any CPU.ActiveCfg = Debug|Any CPU
		{9BBB7A84-9CC3-470B-ABF2-09AE66310882}.Debug|Any CPU.Build.0 = Debug|Any CPU
		{9BBB7A84-9CC3-470B-ABF2-09AE66310882}.Release|Any CPU.ActiveCfg = Release|Any CPU
		{9BBB7A84-9CC3-470B-ABF2-09AE66310882}.Release|Any CPU.Build.0 = Release|Any CPU
		{2EE6CE37-7B26-4076-A53A-189AFE6D051F}.Debug|Any CPU.ActiveCfg = Debug|Any CPU
		{2EE6CE37-7B26-4076-A53A-189AFE6D051F}.Debug|Any CPU.Build.0 = Debug|Any CPU
		{2EE6CE37-7B26-4076-A53A-189AFE6D051F}.Release|Any CPU.ActiveCfg = Release|Any CPU
		{2EE6CE37-7B26-4076-A53A-189AFE6D051F}.Release|Any CPU.Build.0 = Release|Any CPU
		{8E98BAB0-5A13-4143-A6CE-B6327D737194}.Debug|Any CPU.ActiveCfg = Debug|Any CPU
		{8E98BAB0-5A13-4143-A6CE-B6327D737194}.Debug|Any CPU.Build.0 = Debug|Any CPU
		{8E98BAB0-5A13-4143-A6CE-B6327D737194}.Release|Any CPU.ActiveCfg = Release|Any CPU
		{8E98BAB0-5A13-4143-A6CE-B6327D737194}.Release|Any CPU.Build.0 = Release|Any CPU
		{4D6670DF-EB6F-4F31-BB5F-E7B6864C9439}.Debug|Any CPU.ActiveCfg = Debug|Any CPU
		{4D6670DF-EB6F-4F31-BB5F-E7B6864C9439}.Debug|Any CPU.Build.0 = Debug|Any CPU
		{4D6670DF-EB6F-4F31-BB5F-E7B6864C9439}.Release|Any CPU.ActiveCfg = Release|Any CPU
		{4D6670DF-EB6F-4F31-BB5F-E7B6864C9439}.Release|Any CPU.Build.0 = Release|Any CPU
	EndGlobalSection
	GlobalSection(SolutionProperties) = preSolution
		HideSolutionNode = FALSE
	EndGlobalSection
	GlobalSection(NestedProjects) = preSolution
		{2EE6CE37-7B26-4076-A53A-189AFE6D051F} = {C9D9384D-9F4A-4B49-ACCC-0DF3D2C6E390}
		{8E98BAB0-5A13-4143-A6CE-B6327D737194} = {C9D9384D-9F4A-4B49-ACCC-0DF3D2C6E390}
		{4D6670DF-EB6F-4F31-BB5F-E7B6864C9439} = {C9D9384D-9F4A-4B49-ACCC-0DF3D2C6E390}
	EndGlobalSection
	GlobalSection(ExtensibilityGlobals) = postSolution
		SolutionGuid = {F4658C77-2748-45C0-A1C3-D233E614C3B3}
	EndGlobalSection
EndGlobal
